{
    "name": "@brendangooch/game-engine",
    "version": "1.0.0",
    "lockfileVersion": 3,
    "requires": true,
    "packages": {
        "": {
            "name": "@brendangooch/game-engine",
            "version": "1.0.0",
            "license": "MIT",
            "dependencies": {
                "@brendangooch/canvas": "^5.1.0",
                "@brendangooch/maths": "^4.0.1"
            },
            "devDependencies": {
                "typescript": "^5.7.2"
            }
        },
        "node_modules/@brendangooch/canvas": {
            "version": "5.1.0",
            "resolved": "https://registry.npmjs.org/@brendangooch/canvas/-/canvas-5.1.0.tgz",
            "integrity": "sha512-W8u9XzXEt/RMhcplAELaIQ0NNO7AD5ZSMqBk9HSuXLwtjftvcnJrCP3NQqBNOFPfEOHcC72yIz3ic1snk8WOLg==",
            "license": "MIT",
            "dependencies": {
                "@brendangooch/image-sprite": "^5.0.0",
                "@brendangooch/maths": "^3.0.0"
            }
        },
        "node_modules/@brendangooch/canvas/node_modules/@brendangooch/maths": {
            "version": "3.0.0",
            "resolved": "https://registry.npmjs.org/@brendangooch/maths/-/maths-3.0.0.tgz",
            "integrity": "sha512-F0zd9eQ46OEhodaEdCqOflNbZob/Pll0kQB/X/bTqOAYpRiywF/1swp2GPk3YPzP1z6zcGGVc7/ES+yXp2c/VQ==",
            "license": "MIT"
        },
        "node_modules/@brendangooch/image-sprite": {
            "version": "5.0.0",
            "resolved": "https://registry.npmjs.org/@brendangooch/image-sprite/-/image-sprite-5.0.0.tgz",
            "integrity": "sha512-JzPaHJawdo581uX2wPO6Jkef8kYe3U5Yz8dYZUfNZupzU32MI/HYsnKfBk3+Whrc+++aj64OBxK245wxTZXH7g==",
            "license": "MIT"
        },
        "node_modules/@brendangooch/maths": {
            "version": "4.0.1",
            "resolved": "https://registry.npmjs.org/@brendangooch/maths/-/maths-4.0.1.tgz",
            "integrity": "sha512-gVZTRAK2Rq3rTlFQXzikhFhoivja6ID1pp/e3/hhtxUSZ6EPnb/Fb2PXE60cRC5e+0dVaDi2MhQQ95q5iFiomg==",
            "license": "MIT"
        },
        "node_modules/typescript": {
            "version": "5.8.3",
            "resolved": "https://registry.npmjs.org/typescript/-/typescript-5.8.3.tgz",
            "integrity": "sha512-p1diW6TqL9L07nNxvRMM7hMMw4c5XOo/1ibL4aAIGmSAt9slTE1Xgw5KWuof2uTOvCg9BY7ZRi+GaF+7sfgPeQ==",
            "dev": true,
            "license": "Apache-2.0",
            "bin": {
                "tsc": "bin/tsc",
                "tsserver": "bin/tsserver"
            },
            "engines": {
                "node": ">=14.17"
            }
        }
    }
}
